
Microsoft Visual Studio Solution File, Format Version 12.00
# Visual Studio 2012
Project("{FAE04EC0-301F-11D3-BF4B-00C04F79EFBC}") = "UnityVS.Finals.CSharp", "UnityVS.Finals.CSharp.csproj", "{919B41A2-382B-6B48-8B3B-D7D4F1F47463}"
EndProject
Project("{FAE04EC0-301F-11D3-BF4B-00C04F79EFBC}") = "UnityVS.Finals.CSharp.Editor", "UnityVS.Finals.CSharp.Editor.csproj", "{0A330B1A-AA05-1865-1461-2D59E16EBD8D}"
EndProject
Global
	GlobalSection(SolutionConfigurationPlatforms) = preSolution
		Debug|Any CPU = Debug|Any CPU
		Release|Any CPU = Release|Any CPU
	EndGlobalSection
	GlobalSection(ProjectConfigurationPlatforms) = postSolution
		{919B41A2-382B-6B48-8B3B-D7D4F1F47463}.Debug|Any CPU.ActiveCfg = Debug|Any CPU
		{919B41A2-382B-6B48-8B3B-D7D4F1F47463}.Debug|Any CPU.Build.0 = Debug|Any CPU
		{919B41A2-382B-6B48-8B3B-D7D4F1F47463}.Release|Any CPU.ActiveCfg = Release|Any CPU
		{919B41A2-382B-6B48-8B3B-D7D4F1F47463}.Release|Any CPU.Build.0 = Release|Any CPU
		{0A330B1A-AA05-1865-1461-2D59E16EBD8D}.Debug|Any CPU.ActiveCfg = Debug|Any CPU
		{0A330B1A-AA05-1865-1461-2D59E16EBD8D}.Debug|Any CPU.Build.0 = Debug|Any CPU
		{0A330B1A-AA05-1865-1461-2D59E16EBD8D}.Release|Any CPU.ActiveCfg = Release|Any CPU
		{0A330B1A-AA05-1865-1461-2D59E16EBD8D}.Release|Any CPU.Build.0 = Release|Any CPU
	EndGlobalSection
	GlobalSection(SolutionProperties) = preSolution
		HideSolutionNode = FALSE
	EndGlobalSection
EndGlobal
